// !$*UTF8*$!
{
	archiveVersion = 1;
	classes = {
	};
	objectVersion = 56;
	objects = {

/* Begin PBXBuildFile section */
		C6CDC9B82BCE6E0C00312813 /* AppDelegate.m in Sources */ = {isa = PBXBuildFile; fileRef = C6CDC9B72BCE6E0C00312813 /* AppDelegate.m */; };
		C6CDC9BE2BCE6E0C00312813 /* ViewController.m in Sources */ = {isa = PBXBuildFile; fileRef = C6CDC9BD2BCE6E0C00312813 /* ViewController.m */; };
		C6CDC9C12BCE6E0C00312813 /* Main.storyboard in Resources */ = {isa = PBXBuildFile; fileRef = C6CDC9BF2BCE6E0C00312813 /* Main.storyboard */; };
		C6CDC9C32BCE6E0E00312813 /* Assets.xcassets in Resources */ = {isa = PBXBuildFile; fileRef = C6CDC9C22BCE6E0E00312813 /* Assets.xcassets */; };
		C6CDC9C62BCE6E0E00312813 /* LaunchScreen.storyboard in Resources */ = {isa = PBXBuildFile; fileRef = C6CDC9C42BCE6E0E00312813 /* LaunchScreen.storyboard */; };
		C6CDC9C92BCE6E0E00312813 /* main.m in Sources */ = {isa = PBXBuildFile; fileRef = C6CDC9C82BCE6E0E00312813 /* main.m */; };
		C6CDC9D02BCE708C00312813 /* TwitterKit.framework in Frameworks */ = {isa = PBXBuildFile; fileRef = C6CDC9CF2BCE708C00312813 /* TwitterKit.framework */; };
/* End PBXBuildFile section */

/* Begin PBXFileReference section */
		C6CDC9B32BCE6E0B00312813 /* TwitterKitMD.app */ = {isa = PBXFileReference; explicitFileType = wrapper.application; includeInIndex = 0; path = TwitterKitMD.app; sourceTree = BUILT_PRODUCTS_DIR; };
		C6CDC9B62BCE6E0C00312813 /* AppDelegate.h */ = {isa = PBXFileReference; lastKnownFileType = sourcecode.c.h; path = AppDelegate.h; sourceTree = "<group>"; };
		C6CDC9B72BCE6E0C00312813 /* AppDelegate.m */ = {isa = PBXFileReference; lastKnownFileType = sourcecode.c.objc; path = AppDelegate.m; sourceTree = "<group>"; };
		C6CDC9BC2BCE6E0C00312813 /* ViewController.h */ = {isa = PBXFileReference; lastKnownFileType = sourcecode.c.h; path = ViewController.h; sourceTree = "<group>"; };
		C6CDC9BD2BCE6E0C00312813 /* ViewController.m */ = {isa = PBXFileReference; lastKnownFileType = sourcecode.c.objc; path = ViewController.m; sourceTree = "<group>"; };
		C6CDC9C02BCE6E0C00312813 /* Base */ = {isa = PBXFileReference; lastKnownFileType = file.storyboard; name = Base; path = Base.lproj/Main.storyboard; sourceTree = "<group>"; };
		C6CDC9C22BCE6E0E00312813 /* Assets.xcassets */ = {isa = PBXFileReference; lastKnownFileType = folder.assetcatalog; path = Assets.xcassets; sourceTree = "<group>"; };
		C6CDC9C52BCE6E0E00312813 /* Base */ = {isa = PBXFileReference; lastKnownFileType = file.storyboard; name = Base; path = Base.lproj/LaunchScreen.storyboard; sourceTree = "<group>"; };
		C6CDC9C72BCE6E0E00312813 /* Info.plist */ = {isa = PBXFileReference; lastKnownFileType = text.plist.xml; path = Info.plist; sourceTree = "<group>"; };
		C6CDC9C82BCE6E0E00312813 /* main.m */ = {isa = PBXFileReference; lastKnownFileType = sourcecode.c.objc; path = main.m; sourceTree = "<group>"; };
		C6CDC9CF2BCE708C00312813 /* TwitterKit.framework */ = {isa = PBXFileReference; lastKnownFileType = wrapper.framework; path = TwitterKit.framework; sourceTree = "<group>"; };
/* End PBXFileReference section */

/* Begin PBXFrameworksBuildPhase section */
		C6CDC9B02BCE6E0B00312813 /* Frameworks */ = {
			isa = PBXFrameworksBuildPhase;
			buildActionMask = 2147483647;
			files = (
				C6CDC9D02BCE708C00312813 /* TwitterKit.framework in Frameworks */,
			);
			runOnlyForDeploymentPostprocessing = 0;
		};
/* End PBXFrameworksBuildPhase section */

/* Begin PBXGroup section */
		C6CDC9AA2BCE6E0B00312813 = {
			isa = PBXGroup;
			children = (
				C6CDC9B52BCE6E0C00312813 /* TwitterKitMD */,
				C6CDC9B42BCE6E0B00312813 /* Products */,
			);
			sourceTree = "<group>";
		};
		C6CDC9B42BCE6E0B00312813 /* Products */ = {
			isa = PBXGroup;
			children = (
				C6CDC9B32BCE6E0B00312813 /* TwitterKitMD.app */,
			);
			name = Products;
			sourceTree = "<group>";
		};
		C6CDC9B52BCE6E0C00312813 /* TwitterKitMD */ = {
			isa = PBXGroup;
			children = (
				C6CDC9B62BCE6E0C00312813 /* AppDelegate.h */,
				C6CDC9B72BCE6E0C00312813 /* AppDelegate.m */,
				C6CDC9BC2BCE6E0C00312813 /* ViewController.h */,
				C6CDC9BD2BCE6E0C00312813 /* ViewController.m */,
				C6CDC9CF2BCE708C00312813 /* TwitterKit.framework */,
				C6CDC9BF2BCE6E0C00312813 /* Main.storyboard */,
				C6CDC9C22BCE6E0E00312813 /* Assets.xcassets */,
				C6CDC9C42BCE6E0E00312813 /* LaunchScreen.storyboard */,
				C6CDC9C72BCE6E0E00312813 /* Info.plist */,
				C6CDC9C82BCE6E0E00312813 /* main.m */,
			);
			path = TwitterKitMD;
			sourceTree = "<group>";
		};
/* End PBXGroup section */

/* Begin PBXNativeTarget section */
		C6CDC9B22BCE6E0B00312813 /* TwitterKitMD */ = {
			isa = PBXNativeTarget;
			buildConfigurationList = C6CDC9CC2BCE6E0E00312813 /* Build configuration list for PBXNativeTarget "TwitterKitMD" */;
			buildPhases = (
				C6CDC9AF2BCE6E0B00312813 /* Sources */,
				C6CDC9B02BCE6E0B00312813 /* Frameworks */,
				C6CDC9B12BCE6E0B00312813 /* Resources */,
			);
			buildRules = (
			);
			dependencies = (
			);
			name = TwitterKitMD;
			productName = TwitterKitMD;
			productReference = C6CDC9B32BCE6E0B00312813 /* TwitterKitMD.app */;
			productType = "com.apple.product-type.application";
		};
/* End PBXNativeTarget section */

/* Begin PBXProject section */
		C6CDC9AB2BCE6E0B00312813 /* Project object */ = {
			isa = PBXProject;
			attributes = {
				BuildIndependentTargetsInParallel = 1;
				LastUpgradeCheck = 1520;
				TargetAttributes = {
					C6CDC9B22BCE6E0B00312813 = {
						CreatedOnToolsVersion = 15.2;
					};
				};
			};
			buildConfigurationList = C6CDC9AE2BCE6E0B00312813 /* Build configuration list for PBXProject "TwitterKitMD" */;
			compatibilityVersion = "Xcode 14.0";
			developmentRegion = en;
			hasScannedForEncodings = 0;
			knownRegions = (
				en,
				Base,
			);
			mainGroup = C6CDC9AA2BCE6E0B00312813;
			productRefGroup = C6CDC9B42BCE6E0B00312813 /* Products */;
			projectDirPath = "";
			projectRoot = "";
			targets = (
				C6CDC9B22BCE6E0B00312813 /* TwitterKitMD */,
			);
		};
/* End PBXProject section */

/* Begin PBXResourcesBuildPhase section */
		C6CDC9B12BCE6E0B00312813 /* Resources */ = {
			isa = PBXResourcesBuildPhase;
			buildActionMask = 2147483647;
			files = (
				C6CDC9C62BCE6E0E00312813 /* LaunchScreen.storyboard in Resources */,
				C6CDC9C32BCE6E0E00312813 /* Assets.xcassets in Resources */,
				C6CDC9C12BCE6E0C00312813 /* Main.storyboard in Resources */,
			);
			runOnlyForDeploymentPostprocessing = 0;
		};
/* End PBXResourcesBuildPhase section */

/* Begin PBXSourcesBuildPhase section */
		C6CDC9AF2BCE6E0B00312813 /* Sources */ = {
			isa = PBXSourcesBuildPhase;
			buildActionMask = 2147483647;
			files = (
				C6CDC9BE2BCE6E0C00312813 /* ViewController.m in Sources */,
				C6CDC9B82BCE6E0C00312813 /* AppDelegate.m in Sources */,
				C6CDC9C92BCE6E0E00312813 /* main.m in Sources */,
			);
			runOnlyForDeploymentPostprocessing = 0;
		};
/* End PBXSourcesBuildPhase section */

/* Begin PBXVariantGroup section */
		C6CDC9BF2BCE6E0C00312813 /* Main.storyboard */ = {
			isa = PBXVariantGroup;
			children = (
				C6CDC9C02BCE6E0C00312813 /* Base */,
			);
			name = Main.storyboard;
			sourceTree = "<group>";
		};
		C6CDC9C42BCE6E0E00312813 /* LaunchScreen.storyboard */ = {
			isa = PBXVariantGroup;
			children = (
				C6CDC9C52BCE6E0E00312813 /* Base */,
			);
			name = LaunchScreen.storyboard;
			sourceTree = "<group>";
		};
/* End PBXVariantGroup section */

/* Begin XCBuildConfiguration section */
		C6CDC9CA2BCE6E0E00312813 /* Debug */ = {
			isa = XCBuildConfiguration;
			buildSettings = {
				ALWAYS_SEARCH_USER_PATHS = NO;
				ASSETCATALOG_COMPILER_GENERATE_SWIFT_ASSET_SYMBOL_EXTENSIONS = YES;
				CLANG_ANALYZER_NONNULL = YES;
				CLANG_ANALYZER_NUMBER_OBJECT_CONVERSION = YES_AGGRESSIVE;
				CLANG_CXX_LANGUAGE_STANDARD = "gnu++20";
				CLANG_ENABLE_MODULES = YES;
				CLANG_ENABLE_OBJC_ARC = YES;
				CLANG_ENABLE_OBJC_WEAK = YES;
				CLANG_WARN_BLOCK_CAPTURE_AUTORELEASING = YES;
				CLANG_WARN_BOOL_CONVERSION = YES;
				CLANG_WARN_COMMA = YES;
				CLANG_WARN_CONSTANT_CONVERSION = YES;
				CLANG_WARN_DEPRECATED_OBJC_IMPLEMENTATIONS = YES;
				CLANG_WARN_DIRECT_OBJC_ISA_USAGE = YES_ERROR;
				CLANG_WARN_DOCUMENTATION_COMMENTS = YES;
				CLANG_WARN_EMPTY_BODY = YES;
				CLANG_WARN_ENUM_CONVERSION = YES;
				CLANG_WARN_INFINITE_RECURSION = YES;
				CLANG_WARN_INT_CONVERSION = YES;
				CLANG_WARN_NON_LITERAL_NULL_CONVERSION = YES;
				CLANG_WARN_OBJC_IMPLICIT_RETAIN_SELF = YES;
				CLANG_WARN_OBJC_LITERAL_CONVERSION = YES;
				CLANG_WARN_OBJC_ROOT_CLASS = YES_ERROR;
				CLANG_WARN_QUOTED_INCLUDE_IN_FRAMEWORK_HEADER = YES;
				CLANG_WARN_RANGE_LOOP_ANALYSIS = YES;
				CLANG_WARN_STRICT_PROTOTYPES = YES;
				CLANG_WARN_SUSPICIOUS_MOVE = YES;
				CLANG_WARN_UNGUARDED_AVAILABILITY = YES_AGGRESSIVE;
				CLANG_WARN_UNREACHABLE_CODE = YES;
				CLANG_WARN__DUPLICATE_METHOD_MATCH = YES;
				COPY_PHASE_STRIP = NO;
				DEBUG_INFORMATION_FORMAT = dwarf;
				ENABLE_STRICT_OBJC_MSGSEND = YES;
				ENABLE_TESTABILITY = YES;
				ENABLE_USER_SCRIPT_SANDBOXING = YES;
				GCC_C_LANGUAGE_STANDARD = gnu17;
				GCC_DYNAMIC_NO_PIC = NO;
				GCC_NO_COMMON_BLOCKS = YES;
				GCC_OPTIMIZATION_LEVEL = 0;
				GCC_PREPROCESSOR_DEFINITIONS = (
					"DEBUG=1",
					"$(inherited)",
				);
				GCC_WARN_64_TO_32_BIT_CONVERSION = YES;
				GCC_WARN_ABOUT_RETURN_TYPE = YES_ERROR;
				GCC_WARN_UNDECLARED_SELECTOR = YES;
				GCC_WARN_UNINITIALIZED_AUTOS = YES_AGGRESSIVE;
				GCC_WARN_UNUSED_FUNCTION = YES;
				GCC_WARN_UNUSED_VARIABLE = YES;
				IPHONEOS_DEPLOYMENT_TARGET = 17.2;
				LOCALIZATION_PREFERS_STRING_CATALOGS = YES;
				MTL_ENABLE_DEBUG_INFO = INCLUDE_SOURCE;
				MTL_FAST_MATH = YES;
				ONLY_ACTIVE_ARCH = YES;
				SDKROOT = iphoneos;
			};
			name = Debug;
		};
		C6CDC9CB2BCE6E0E00312813 /* Release */ = {
			isa = XCBuildConfiguration;
			buildSettings = {
				ALWAYS_SEARCH_USER_PATHS = NO;
				ASSETCATALOG_COMPILER_GENERATE_SWIFT_ASSET_SYMBOL_EXTENSIONS = YES;
				CLANG_ANALYZER_NONNULL = YES;
				CLANG_ANALYZER_NUMBER_OBJECT_CONVERSION = YES_AGGRESSIVE;
				CLANG_CXX_LANGUAGE_STANDARD = "gnu++20";
				CLANG_ENABLE_MODULES = YES;
				CLANG_ENABLE_OBJC_ARC = YES;
				CLANG_ENABLE_OBJC_WEAK = YES;
				CLANG_WARN_BLOCK_CAPTURE_AUTORELEASING = YES;
				CLANG_WARN_BOOL_CONVERSION = YES;
				CLANG_WARN_COMMA = YES;
				CLANG_WARN_CONSTANT_CONVERSION = YES;
				CLANG_WARN_DEPRECATED_OBJC_IMPLEMENTATIONS = YES;
				CLANG_WARN_DIRECT_OBJC_ISA_USAGE = YES_ERROR;
				CLANG_WARN_DOCUMENTATION_COMMENTS = YES;
				CLANG_WARN_EMPTY_BODY = YES;
				CLANG_WARN_ENUM_CONVERSION = YES;
				CLANG_WARN_INFINITE_RECURSION = YES;
				CLANG_WARN_INT_CONVERSION = YES;
				CLANG_WARN_NON_LITERAL_NULL_CONVERSION = YES;
				CLANG_WARN_OBJC_IMPLICIT_RETAIN_SELF = YES;
				CLANG_WARN_OBJC_LITERAL_CONVERSION = YES;
				CLANG_WARN_OBJC_ROOT_CLASS = YES_ERROR;
				CLANG_WARN_QUOTED_INCLUDE_IN_FRAMEWORK_HEADER = YES;
				CLANG_WARN_RANGE_LOOP_ANALYSIS = YES;
				CLANG_WARN_STRICT_PROTOTYPES = YES;
				CLANG_WARN_SUSPICIOUS_MOVE = YES;
				CLANG_WARN_UNGUARDED_AVAILABILITY = YES_AGGRESSIVE;
				CLANG_WARN_UNREACHABLE_CODE = YES;
				CLANG_WARN__DUPLICATE_METHOD_MATCH = YES;
				COPY_PHASE_STRIP = NO;
				DEBUG_INFORMATION_FORMAT = "dwarf-with-dsym";
				ENABLE_NS_ASSERTIONS = NO;
				ENABLE_STRICT_OBJC_MSGSEND = YES;
				ENABLE_USER_SCRIPT_SANDBOXING = YES;
				GCC_C_LANGUAGE_STANDARD = gnu17;
				GCC_NO_COMMON_BLOCKS = YES;
				GCC_WARN_64_TO_32_BIT_CONVERSION = YES;
				GCC_WARN_ABOUT_RETURN_TYPE = YES_ERROR;
				GCC_WARN_UNDECLARED_SELECTOR = YES;
				GCC_WARN_UNINITIALIZED_AUTOS = YES_AGGRESSIVE;
				GCC_WARN_UNUSED_FUNCTION = YES;
				GCC_WARN_UNUSED_VARIABLE = YES;
				IPHONEOS_DEPLOYMENT_TARGET = 17.2;
				LOCALIZATION_PREFERS_STRING_CATALOGS = YES;
				MTL_ENABLE_DEBUG_INFO = NO;
				MTL_FAST_MATH = YES;
				SDKROOT = iphoneos;
				VALIDATE_PRODUCT = YES;
			};
			name = Release;
		};
		C6CDC9CD2BCE6E0E00312813 /* Debug */ = {
			isa = XCBuildConfiguration;
			buildSettings = {
				ASSETCATALOG_COMPILER_APPICON_NAME = AppIcon;
				ASSETCATALOG_COMPILER_GLOBAL_ACCENT_COLOR_NAME = AccentColor;
				CODE_SIGN_STYLE = Automatic;
				CURRENT_PROJECT_VERSION = 1;
				DEVELOPMENT_TEAM = 8N89JV76A6;
				FRAMEWORK_SEARCH_PATHS = (
					"$(inherited)",
					"$(PROJECT_DIR)/TwitterKitMD",
				);
				GENERATE_INFOPLIST_FILE = YES;
				INFOPLIST_FILE = TwitterKitMD/Info.plist;
				INFOPLIST_KEY_UIApplicationSupportsIndirectInputEvents = YES;
				INFOPLIST_KEY_UILaunchStoryboardName = LaunchScreen;
				INFOPLIST_KEY_UIMainStoryboardFile = Main;
				INFOPLIST_KEY_UISupportedInterfaceOrientations_iPad = "UIInterfaceOrientationPortrait UIInterfaceOrientationPortraitUpsideDown UIInterfaceOrientationLandscapeLeft UIInterfaceOrientationLandscapeRight";
				INFOPLIST_KEY_UISupportedInterfaceOrientations_iPhone = "UIInterfaceOrientationPortrait UIInterfaceOrientationLandscapeLeft UIInterfaceOrientationLandscapeRight";
				LD_RUNPATH_SEARCH_PATHS = (
					"$(inherited)",
					"@executable_path/Frameworks",
				);
				MARKETING_VERSION = 1.0;
				PRODUCT_BUNDLE_IDENTIFIER = com.framework.TwitterKitMD;
				PRODUCT_NAME = "$(TARGET_NAME)";
				SWIFT_EMIT_LOC_STRINGS = YES;
				TARGETED_DEVICE_FAMILY = "1,2";
			};
			name = Debug;
		};
		C6CDC9CE2BCE6E0E00312813 /* Release */ = {
			isa = XCBuildConfiguration;
			buildSettings = {
				ASSETCATALOG_COMPILER_APPICON_NAME = AppIcon;
				ASSETCATALOG_COMPILER_GLOBAL_ACCENT_COLOR_NAME = AccentColor;
				CODE_SIGN_STYLE = Automatic;
				CURRENT_PROJECT_VERSION = 1;
				DEVELOPMENT_TEAM = 8N89JV76A6;
				FRAMEWORK_SEARCH_PATHS = (
					"$(inherited)",
					"$(PROJECT_DIR)/TwitterKitMD",
				);
				GENERATE_INFOPLIST_FILE = YES;
				INFOPLIST_FILE = TwitterKitMD/Info.plist;
				INFOPLIST_KEY_UIApplicationSupportsIndirectInputEvents = YES;
				INFOPLIST_KEY_UILaunchStoryboardName = LaunchScreen;
				INFOPLIST_KEY_UIMainStoryboardFile = Main;
				INFOPLIST_KEY_UISupportedInterfaceOrientations_iPad = "UIInterfaceOrientationPortrait UIInterfaceOrientationPortraitUpsideDown UIInterfaceOrientationLandscapeLeft UIInterfaceOrientationLandscapeRight";
				INFOPLIST_KEY_UISupportedInterfaceOrientations_iPhone = "UIInterfaceOrientationPortrait UIInterfaceOrientationLandscapeLeft UIInterfaceOrientationLandscapeRight";
				LD_RUNPATH_SEARCH_PATHS = (
					"$(inherited)",
					"@executable_path/Frameworks",
				);
				MARKETING_VERSION = 1.0;
				PRODUCT_BUNDLE_IDENTIFIER = com.framework.TwitterKitMD;
				PRODUCT_NAME = "$(TARGET_NAME)";
				SWIFT_EMIT_LOC_STRINGS = YES;
				TARGETED_DEVICE_FAMILY = "1,2";
			};
			name = Release;
		};
/* End XCBuildConfiguration section */

/* Begin XCConfigurationList section */
		C6CDC9AE2BCE6E0B00312813 /* Build configuration list for PBXProject "TwitterKitMD" */ = {
			isa = XCConfigurationList;
			buildConfigurations = (
				C6CDC9CA2BCE6E0E00312813 /* Debug */,
				C6CDC9CB2BCE6E0E00312813 /* Release */,
			);
			defaultConfigurationIsVisible = 0;
			defaultConfigurationName = Release;
		};
		C6CDC9CC2BCE6E0E00312813 /* Build configuration list for PBXNativeTarget "TwitterKitMD" */ = {
			isa = XCConfigurationList;
			buildConfigurations = (
				C6CDC9CD2BCE6E0E00312813 /* Debug */,
				C6CDC9CE2BCE6E0E00312813 /* Release */,
			);
			defaultConfigurationIsVisible = 0;
			defaultConfigurationName = Release;
		};
/* End XCConfigurationList section */
	};
	rootObject = C6CDC9AB2BCE6E0B00312813 /* Project object */;
}
